
Microsoft Visual Studio Solution File, Format Version 12.00
# Visual Studio Version 17
VisualStudioVersion = 17.5.33516.290
MinimumVisualStudioVersion = 10.0.40219.1
Project("{FAE04EC0-301F-11D3-BF4B-00C04F79EFBC}") = "MalaDireta", "MalaDireta\MalaDireta.csproj", "{045DC2CF-D0E0-4704-BE56-8F73CE14A573}"
EndProject
Project("{2150E333-8FDC-42A3-9474-1A3956D46DE8}") = "Diagrama", "Diagrama", "{AAABAA71-A424-4582-B425-9131A910FC98}"
	ProjectSection(SolutionItems) = preProject
		arquivo.xml = arquivo.xml
	EndProjectSection
EndProject
Global
	GlobalSection(SolutionConfigurationPlatforms) = preSolution
		Debug|Any CPU = Debug|Any CPU
		Release|Any CPU = Release|Any CPU
	EndGlobalSection
	GlobalSection(ProjectConfigurationPlatforms) = postSolution
		{045DC2CF-D0E0-4704-BE56-8F73CE14A573}.Debug|Any CPU.ActiveCfg = Debug|Any CPU
		{045DC2CF-D0E0-4704-BE56-8F73CE14A573}.Debug|Any CPU.Build.0 = Debug|Any CPU
		{045DC2CF-D0E0-4704-BE56-8F73CE14A573}.Release|Any CPU.ActiveCfg = Release|Any CPU
		{045DC2CF-D0E0-4704-BE56-8F73CE14A573}.Release|Any CPU.Build.0 = Release|Any CPU
	EndGlobalSection
	GlobalSection(SolutionProperties) = preSolution
		HideSolutionNode = FALSE
	EndGlobalSection
	GlobalSection(ExtensibilityGlobals) = postSolution
		SolutionGuid = {42EDF665-DECE-4B85-A957-4B60A6D50EAC}
	EndGlobalSection
EndGlobal
