
Microsoft Visual Studio Solution File, Format Version 12.00
# Visual Studio Version 17
VisualStudioVersion = 17.5.33516.290
MinimumVisualStudioVersion = 10.0.40219.1
Project("{9A19103F-16F7-4668-BE54-9A1E7A4F7556}") = "MalaDireta", "MalaDireta\MalaDireta.csproj", "{045DC2CF-D0E0-4704-BE56-8F73CE14A573}"
EndProject
Project("{FAE04EC0-301F-11D3-BF4B-00C04F79EFBC}") = "MalaDiretaTests", "MalaDiretaTests\MalaDiretaTests.csproj", "{51F34C34-C907-489B-ACFF-36A21327A67D}"
EndProject
Global
	GlobalSection(SolutionConfigurationPlatforms) = preSolution
		Debug|Any CPU = Debug|Any CPU
		Release|Any CPU = Release|Any CPU
	EndGlobalSection
	GlobalSection(ProjectConfigurationPlatforms) = postSolution
		{045DC2CF-D0E0-4704-BE56-8F73CE14A573}.Debug|Any CPU.ActiveCfg = Debug|Any CPU
		{045DC2CF-D0E0-4704-BE56-8F73CE14A573}.Debug|Any CPU.Build.0 = Debug|Any CPU
		{045DC2CF-D0E0-4704-BE56-8F73CE14A573}.Release|Any CPU.ActiveCfg = Release|Any CPU
		{045DC2CF-D0E0-4704-BE56-8F73CE14A573}.Release|Any CPU.Build.0 = Release|Any CPU
		{51F34C34-C907-489B-ACFF-36A21327A67D}.Debug|Any CPU.ActiveCfg = Debug|Any CPU
		{51F34C34-C907-489B-ACFF-36A21327A67D}.Debug|Any CPU.Build.0 = Debug|Any CPU
		{51F34C34-C907-489B-ACFF-36A21327A67D}.Release|Any CPU.ActiveCfg = Release|Any CPU
		{51F34C34-C907-489B-ACFF-36A21327A67D}.Release|Any CPU.Build.0 = Release|Any CPU
	EndGlobalSection
	GlobalSection(SolutionProperties) = preSolution
		HideSolutionNode = FALSE
	EndGlobalSection
	GlobalSection(ExtensibilityGlobals) = postSolution
		SolutionGuid = {42EDF665-DECE-4B85-A957-4B60A6D50EAC}
	EndGlobalSection
EndGlobal
